
Microsoft Visual Studio Solution File, Format Version 11.00
# Visual Studio 2010
Project("{FAE04EC0-301F-11D3-BF4B-00C04F79EFBC}") = "BookstoreAnalitics", "AnaliticsBookstore\BookstoreAnalitics.csproj", "{0E5AD47A-907D-493B-90AA-C0E3A203531B}"
EndProject
Project("{FAE04EC0-301F-11D3-BF4B-00C04F79EFBC}") = "GoogleFeeds", "GoogleFeeds\GoogleFeeds.csproj", "{8811952F-34E6-4D98-BE26-4752408E1E9E}"
EndProject
Global
	GlobalSection(SolutionConfigurationPlatforms) = preSolution
		Debug|Any CPU = Debug|Any CPU
		Release|Any CPU = Release|Any CPU
	EndGlobalSection
	GlobalSection(ProjectConfigurationPlatforms) = postSolution
		{0E5AD47A-907D-493B-90AA-C0E3A203531B}.Debug|Any CPU.ActiveCfg = Debug|Any CPU
		{0E5AD47A-907D-493B-90AA-C0E3A203531B}.Debug|Any CPU.Build.0 = Debug|Any CPU
		{0E5AD47A-907D-493B-90AA-C0E3A203531B}.Release|Any CPU.ActiveCfg = Release|Any CPU
		{0E5AD47A-907D-493B-90AA-C0E3A203531B}.Release|Any CPU.Build.0 = Release|Any CPU
		{8811952F-34E6-4D98-BE26-4752408E1E9E}.Debug|Any CPU.ActiveCfg = Debug|Any CPU
		{8811952F-34E6-4D98-BE26-4752408E1E9E}.Debug|Any CPU.Build.0 = Debug|Any CPU
		{8811952F-34E6-4D98-BE26-4752408E1E9E}.Release|Any CPU.ActiveCfg = Release|Any CPU
		{8811952F-34E6-4D98-BE26-4752408E1E9E}.Release|Any CPU.Build.0 = Release|Any CPU
	EndGlobalSection
	GlobalSection(SolutionProperties) = preSolution
		HideSolutionNode = FALSE
	EndGlobalSection
EndGlobal
